
Microsoft Visual Studio Solution File, Format Version 12.00
# Visual Studio Version 17
VisualStudioVersion = 17.0.31903.59
MinimumVisualStudioVersion = 10.0.40219.1
Project("{2150E333-8FDC-42A3-9474-1A3956D46DE8}") = "src", "src", "{827E0CD3-B72D-47B6-A68D-7590B98EB39B}"
EndProject
Project("{FAE04EC0-301F-11D3-BF4B-00C04F79EFBC}") = "LuoTianyiPet.App", "src\LuoTianyiPet.App\LuoTianyiPet.App.csproj", "{779E456E-783A-441A-8DE0-67337D8B9FBB}"
EndProject
Project("{FAE04EC0-301F-11D3-BF4B-00C04F79EFBC}") = "LuoTianyiPet.Core", "src\LuoTianyiPet.Core\LuoTianyiPet.Core.csproj", "{107698CB-C973-4E12-8640-6957FAE33FB1}"
EndProject
Project("{FAE04EC0-301F-11D3-BF4B-00C04F79EFBC}") = "LuoTianyiPet.Animation", "src\LuoTianyiPet.Animation\LuoTianyiPet.Animation.csproj", "{1216C344-8030-4027-96A4-55A0D585166B}"
EndProject
Project("{FAE04EC0-301F-11D3-BF4B-00C04F79EFBC}") = "LuoTianyiPet.Platform.Windows", "src\LuoTianyiPet.Platform.Windows\LuoTianyiPet.Platform.Windows.csproj", "{2F0FFFDB-5D53-4775-BB14-FA02200FC212}"
EndProject
Project("{2150E333-8FDC-42A3-9474-1A3956D46DE8}") = "tools", "tools", "{07C2787E-EAC7-C090-1BA3-A61EC2A24D84}"
EndProject
Project("{FAE04EC0-301F-11D3-BF4B-00C04F79EFBC}") = "LuoTianyiPet.AssetCompiler", "tools\LuoTianyiPet.AssetCompiler\LuoTianyiPet.AssetCompiler.csproj", "{AC6BCBFB-4D7D-4730-81EE-B4782E22CE9B}"
EndProject
Project("{2150E333-8FDC-42A3-9474-1A3956D46DE8}") = "tests", "tests", "{0AB3BF05-4346-4AA6-1389-037BE0695223}"
EndProject
Project("{FAE04EC0-301F-11D3-BF4B-00C04F79EFBC}") = "LuoTianyiPet.Core.Tests", "tests\LuoTianyiPet.Core.Tests\LuoTianyiPet.Core.Tests.csproj", "{234D72ED-96CF-45E4-A504-F8BE5434D6F5}"
EndProject
Project("{FAE04EC0-301F-11D3-BF4B-00C04F79EFBC}") = "LuoTianyiPet.Animation.Tests", "tests\LuoTianyiPet.Animation.Tests\LuoTianyiPet.Animation.Tests.csproj", "{1B165479-3195-44C1-AB2D-DAB32F97735D}"
EndProject
Project("{FAE04EC0-301F-11D3-BF4B-00C04F79EFBC}") = "LuoTianyiPet.Platform.Windows.Tests", "tests\LuoTianyiPet.Platform.Windows.Tests\LuoTianyiPet.Platform.Windows.Tests.csproj", "{FAF9E677-E39F-42FB-9F96-49063D91982F}"
EndProject
Global
	GlobalSection(SolutionConfigurationPlatforms) = preSolution
		Debug|Any CPU = Debug|Any CPU
		Debug|x64 = Debug|x64
		Debug|x86 = Debug|x86
		Release|Any CPU = Release|Any CPU
		Release|x64 = Release|x64
		Release|x86 = Release|x86
	EndGlobalSection
	GlobalSection(ProjectConfigurationPlatforms) = postSolution
		{779E456E-783A-441A-8DE0-67337D8B9FBB}.Debug|Any CPU.ActiveCfg = Debug|Any CPU
		{779E456E-783A-441A-8DE0-67337D8B9FBB}.Debug|Any CPU.Build.0 = Debug|Any CPU
		{779E456E-783A-441A-8DE0-67337D8B9FBB}.Debug|x64.ActiveCfg = Debug|Any CPU
		{779E456E-783A-441A-8DE0-67337D8B9FBB}.Debug|x64.Build.0 = Debug|Any CPU
		{779E456E-783A-441A-8DE0-67337D8B9FBB}.Debug|x86.ActiveCfg = Debug|Any CPU
		{779E456E-783A-441A-8DE0-67337D8B9FBB}.Debug|x86.Build.0 = Debug|Any CPU
		{779E456E-783A-441A-8DE0-67337D8B9FBB}.Release|Any CPU.ActiveCfg = Release|Any CPU
		{779E456E-783A-441A-8DE0-67337D8B9FBB}.Release|Any CPU.Build.0 = Release|Any CPU
		{779E456E-783A-441A-8DE0-67337D8B9FBB}.Release|x64.ActiveCfg = Release|Any CPU
		{779E456E-783A-441A-8DE0-67337D8B9FBB}.Release|x64.Build.0 = Release|Any CPU
		{779E456E-783A-441A-8DE0-67337D8B9FBB}.Release|x86.ActiveCfg = Release|Any CPU
		{779E456E-783A-441A-8DE0-67337D8B9FBB}.Release|x86.Build.0 = Release|Any CPU
		{107698CB-C973-4E12-8640-6957FAE33FB1}.Debug|Any CPU.ActiveCfg = Debug|Any CPU
		{107698CB-C973-4E12-8640-6957FAE33FB1}.Debug|Any CPU.Build.0 = Debug|Any CPU
		{107698CB-C973-4E12-8640-6957FAE33FB1}.Debug|x64.ActiveCfg = Debug|Any CPU
		{107698CB-C973-4E12-8640-6957FAE33FB1}.Debug|x64.Build.0 = Debug|Any CPU
		{107698CB-C973-4E12-8640-6957FAE33FB1}.Debug|x86.ActiveCfg = Debug|Any CPU
		{107698CB-C973-4E12-8640-6957FAE33FB1}.Debug|x86.Build.0 = Debug|Any CPU
		{107698CB-C973-4E12-8640-6957FAE33FB1}.Release|Any CPU.ActiveCfg = Release|Any CPU
		{107698CB-C973-4E12-8640-6957FAE33FB1}.Release|Any CPU.Build.0 = Release|Any CPU
		{107698CB-C973-4E12-8640-6957FAE33FB1}.Release|x64.ActiveCfg = Release|Any CPU
		{107698CB-C973-4E12-8640-6957FAE33FB1}.Release|x64.Build.0 = Release|Any CPU
		{107698CB-C973-4E12-8640-6957FAE33FB1}.Release|x86.ActiveCfg = Release|Any CPU
		{107698CB-C973-4E12-8640-6957FAE33FB1}.Release|x86.Build.0 = Release|Any CPU
		{1216C344-8030-4027-96A4-55A0D585166B}.Debug|Any CPU.ActiveCfg = Debug|Any CPU
		{1216C344-8030-4027-96A4-55A0D585166B}.Debug|Any CPU.Build.0 = Debug|Any CPU
		{1216C344-8030-4027-96A4-55A0D585166B}.Debug|x64.ActiveCfg = Debug|Any CPU
		{1216C344-8030-4027-96A4-55A0D585166B}.Debug|x64.Build.0 = Debug|Any CPU
		{1216C344-8030-4027-96A4-55A0D585166B}.Debug|x86.ActiveCfg = Debug|Any CPU
		{1216C344-8030-4027-96A4-55A0D585166B}.Debug|x86.Build.0 = Debug|Any CPU
		{1216C344-8030-4027-96A4-55A0D585166B}.Release|Any CPU.ActiveCfg = Release|Any CPU
		{1216C344-8030-4027-96A4-55A0D585166B}.Release|Any CPU.Build.0 = Release|Any CPU
		{1216C344-8030-4027-96A4-55A0D585166B}.Release|x64.ActiveCfg = Release|Any CPU
		{1216C344-8030-4027-96A4-55A0D585166B}.Release|x64.Build.0 = Release|Any CPU
		{1216C344-8030-4027-96A4-55A0D585166B}.Release|x86.ActiveCfg = Release|Any CPU
		{1216C344-8030-4027-96A4-55A0D585166B}.Release|x86.Build.0 = Release|Any CPU
		{2F0FFFDB-5D53-4775-BB14-FA02200FC212}.Debug|Any CPU.ActiveCfg = Debug|Any CPU
		{2F0FFFDB-5D53-4775-BB14-FA02200FC212}.Debug|Any CPU.Build.0 = Debug|Any CPU
		{2F0FFFDB-5D53-4775-BB14-FA02200FC212}.Debug|x64.ActiveCfg = Debug|Any CPU
		{2F0FFFDB-5D53-4775-BB14-FA02200FC212}.Debug|x64.Build.0 = Debug|Any CPU
		{2F0FFFDB-5D53-4775-BB14-FA02200FC212}.Debug|x86.ActiveCfg = Debug|Any CPU
		{2F0FFFDB-5D53-4775-BB14-FA02200FC212}.Debug|x86.Build.0 = Debug|Any CPU
		{2F0FFFDB-5D53-4775-BB14-FA02200FC212}.Release|Any CPU.ActiveCfg = Release|Any CPU
		{2F0FFFDB-5D53-4775-BB14-FA02200FC212}.Release|Any CPU.Build.0 = Release|Any CPU
		{2F0FFFDB-5D53-4775-BB14-FA02200FC212}.Release|x64.ActiveCfg = Release|Any CPU
		{2F0FFFDB-5D53-4775-BB14-FA02200FC212}.Release|x64.Build.0 = Release|Any CPU
		{2F0FFFDB-5D53-4775-BB14-FA02200FC212}.Release|x86.ActiveCfg = Release|Any CPU
		{2F0FFFDB-5D53-4775-BB14-FA02200FC212}.Release|x86.Build.0 = Release|Any CPU
		{AC6BCBFB-4D7D-4730-81EE-B4782E22CE9B}.Debug|Any CPU.ActiveCfg = Debug|Any CPU
		{AC6BCBFB-4D7D-4730-81EE-B4782E22CE9B}.Debug|Any CPU.Build.0 = Debug|Any CPU
		{AC6BCBFB-4D7D-4730-81EE-B4782E22CE9B}.Debug|x64.ActiveCfg = Debug|Any CPU
		{AC6BCBFB-4D7D-4730-81EE-B4782E22CE9B}.Debug|x64.Build.0 = Debug|Any CPU
		{AC6BCBFB-4D7D-4730-81EE-B4782E22CE9B}.Debug|x86.ActiveCfg = Debug|Any CPU
		{AC6BCBFB-4D7D-4730-81EE-B4782E22CE9B}.Debug|x86.Build.0 = Debug|Any CPU
		{AC6BCBFB-4D7D-4730-81EE-B4782E22CE9B}.Release|Any CPU.ActiveCfg = Release|Any CPU
		{AC6BCBFB-4D7D-4730-81EE-B4782E22CE9B}.Release|Any CPU.Build.0 = Release|Any CPU
		{AC6BCBFB-4D7D-4730-81EE-B4782E22CE9B}.Release|x64.ActiveCfg = Release|Any CPU
		{AC6BCBFB-4D7D-4730-81EE-B4782E22CE9B}.Release|x64.Build.0 = Release|Any CPU
		{AC6BCBFB-4D7D-4730-81EE-B4782E22CE9B}.Release|x86.ActiveCfg = Release|Any CPU
		{AC6BCBFB-4D7D-4730-81EE-B4782E22CE9B}.Release|x86.Build.0 = Release|Any CPU
		{234D72ED-96CF-45E4-A504-F8BE5434D6F5}.Debug|Any CPU.ActiveCfg = Debug|Any CPU
		{234D72ED-96CF-45E4-A504-F8BE5434D6F5}.Debug|Any CPU.Build.0 = Debug|Any CPU
		{234D72ED-96CF-45E4-A504-F8BE5434D6F5}.Debug|x64.ActiveCfg = Debug|Any CPU
		{234D72ED-96CF-45E4-A504-F8BE5434D6F5}.Debug|x64.Build.0 = Debug|Any CPU
		{234D72ED-96CF-45E4-A504-F8BE5434D6F5}.Debug|x86.ActiveCfg = Debug|Any CPU
		{234D72ED-96CF-45E4-A504-F8BE5434D6F5}.Debug|x86.Build.0 = Debug|Any CPU
		{234D72ED-96CF-45E4-A504-F8BE5434D6F5}.Release|Any CPU.ActiveCfg = Release|Any CPU
		{234D72ED-96CF-45E4-A504-F8BE5434D6F5}.Release|Any CPU.Build.0 = Release|Any CPU
		{234D72ED-96CF-45E4-A504-F8BE5434D6F5}.Release|x64.ActiveCfg = Release|Any CPU
		{234D72ED-96CF-45E4-A504-F8BE5434D6F5}.Release|x64.Build.0 = Release|Any CPU
		{234D72ED-96CF-45E4-A504-F8BE5434D6F5}.Release|x86.ActiveCfg = Release|Any CPU
		{234D72ED-96CF-45E4-A504-F8BE5434D6F5}.Release|x86.Build.0 = Release|Any CPU
		{1B165479-3195-44C1-AB2D-DAB32F97735D}.Debug|Any CPU.ActiveCfg = Debug|Any CPU
		{1B165479-3195-44C1-AB2D-DAB32F97735D}.Debug|Any CPU.Build.0 = Debug|Any CPU
		{1B165479-3195-44C1-AB2D-DAB32F97735D}.Debug|x64.ActiveCfg = Debug|Any CPU
		{1B165479-3195-44C1-AB2D-DAB32F97735D}.Debug|x64.Build.0 = Debug|Any CPU
		{1B165479-3195-44C1-AB2D-DAB32F97735D}.Debug|x86.ActiveCfg = Debug|Any CPU
		{1B165479-3195-44C1-AB2D-DAB32F97735D}.Debug|x86.Build.0 = Debug|Any CPU
		{1B165479-3195-44C1-AB2D-DAB32F97735D}.Release|Any CPU.ActiveCfg = Release|Any CPU
		{1B165479-3195-44C1-AB2D-DAB32F97735D}.Release|Any CPU.Build.0 = Release|Any CPU
		{1B165479-3195-44C1-AB2D-DAB32F97735D}.Release|x64.ActiveCfg = Release|Any CPU
		{1B165479-3195-44C1-AB2D-DAB32F97735D}.Release|x64.Build.0 = Release|Any CPU
		{1B165479-3195-44C1-AB2D-DAB32F97735D}.Release|x86.ActiveCfg = Release|Any CPU
		{1B165479-3195-44C1-AB2D-DAB32F97735D}.Release|x86.Build.0 = Release|Any CPU
		{FAF9E677-E39F-42FB-9F96-49063D91982F}.Debug|Any CPU.ActiveCfg = Debug|Any CPU
		{FAF9E677-E39F-42FB-9F96-49063D91982F}.Debug|Any CPU.Build.0 = Debug|Any CPU
		{FAF9E677-E39F-42FB-9F96-49063D91982F}.Debug|x64.ActiveCfg = Debug|Any CPU
		{FAF9E677-E39F-42FB-9F96-49063D91982F}.Debug|x64.Build.0 = Debug|Any CPU
		{FAF9E677-E39F-42FB-9F96-49063D91982F}.Debug|x86.ActiveCfg = Debug|Any CPU
		{FAF9E677-E39F-42FB-9F96-49063D91982F}.Debug|x86.Build.0 = Debug|Any CPU
		{FAF9E677-E39F-42FB-9F96-49063D91982F}.Release|Any CPU.ActiveCfg = Release|Any CPU
		{FAF9E677-E39F-42FB-9F96-49063D91982F}.Release|Any CPU.Build.0 = Release|Any CPU
		{FAF9E677-E39F-42FB-9F96-49063D91982F}.Release|x64.ActiveCfg = Release|Any CPU
		{FAF9E677-E39F-42FB-9F96-49063D91982F}.Release|x64.Build.0 = Release|Any CPU
		{FAF9E677-E39F-42FB-9F96-49063D91982F}.Release|x86.ActiveCfg = Release|Any CPU
		{FAF9E677-E39F-42FB-9F96-49063D91982F}.Release|x86.Build.0 = Release|Any CPU
	EndGlobalSection
	GlobalSection(SolutionProperties) = preSolution
		HideSolutionNode = FALSE
	EndGlobalSection
	GlobalSection(NestedProjects) = preSolution
		{779E456E-783A-441A-8DE0-67337D8B9FBB} = {827E0CD3-B72D-47B6-A68D-7590B98EB39B}
		{107698CB-C973-4E12-8640-6957FAE33FB1} = {827E0CD3-B72D-47B6-A68D-7590B98EB39B}
		{1216C344-8030-4027-96A4-55A0D585166B} = {827E0CD3-B72D-47B6-A68D-7590B98EB39B}
		{2F0FFFDB-5D53-4775-BB14-FA02200FC212} = {827E0CD3-B72D-47B6-A68D-7590B98EB39B}
		{AC6BCBFB-4D7D-4730-81EE-B4782E22CE9B} = {07C2787E-EAC7-C090-1BA3-A61EC2A24D84}
		{234D72ED-96CF-45E4-A504-F8BE5434D6F5} = {0AB3BF05-4346-4AA6-1389-037BE0695223}
		{1B165479-3195-44C1-AB2D-DAB32F97735D} = {0AB3BF05-4346-4AA6-1389-037BE0695223}
		{FAF9E677-E39F-42FB-9F96-49063D91982F} = {0AB3BF05-4346-4AA6-1389-037BE0695223}
	EndGlobalSection
EndGlobal
